# THIS IS AN AUTOGENERATED FILE. DO NOT EDIT THIS FILE DIRECTLY.
# yarn lockfile v1


chirpsdk@^3.0.3:
  version "3.0.3"
  resolved "https://registry.yarnpkg.com/chirpsdk/-/chirpsdk-3.0.3.tgz#d96c517f671f3f3bcdf04b19755fc2e318fb6dcd"
  integrity sha512-6ApItjtoKE570Y2F3EXsdgPUegZXW/N9H33xWDDedJCzfz8gcjofsZS4GdjIvrZKDy39yQiHsRpP/39ME9Pbpw==
